
Microsoft Visual Studio Solution File, Format Version 12.00
# Visual Studio Version 17
VisualStudioVersion = 17.4.33110.190
MinimumVisualStudioVersion = 10.0.40219.1
Project("{FAE04EC0-301F-11D3-BF4B-00C04F79EFBC}") = "Cnvrtr", "Cnvrtr\Cnvrtr.csproj", "{75B700D8-17CA-43AE-BD69-4C330735B035}"
EndProject
Global
	GlobalSection(SolutionConfigurationPlatforms) = preSolution
		Debug|Any CPU = Debug|Any CPU
		Release|Any CPU = Release|Any CPU
	EndGlobalSection
	GlobalSection(ProjectConfigurationPlatforms) = postSolution
		{75B700D8-17CA-43AE-BD69-4C330735B035}.Debug|Any CPU.ActiveCfg = Debug|Any CPU
		{75B700D8-17CA-43AE-BD69-4C330735B035}.Debug|Any CPU.Build.0 = Debug|Any CPU
		{75B700D8-17CA-43AE-BD69-4C330735B035}.Release|Any CPU.ActiveCfg = Release|Any CPU
		{75B700D8-17CA-43AE-BD69-4C330735B035}.Release|Any CPU.Build.0 = Release|Any CPU
	EndGlobalSection
	GlobalSection(SolutionProperties) = preSolution
		HideSolutionNode = FALSE
	EndGlobalSection
	GlobalSection(ExtensibilityGlobals) = postSolution
		SolutionGuid = {81CB05D5-A337-4411-8A2D-A1935FAEB575}
	EndGlobalSection
EndGlobal
